
Microsoft Visual Studio Solution File, Format Version 12.00
# Visual Studio Version 16
VisualStudioVersion = 16.0.30717.126
MinimumVisualStudioVersion = 15.0.26124.0
Project("{2150E333-8FDC-42A3-9474-1A3956D46DE8}") = "src", "src", "{9D9FB4EF-FE79-4604-A289-6F490402998A}"
EndProject
Project("{9A19103F-16F7-4668-BE54-9A1E7A4F7556}") = "IdentityServer", "src\IdentityServer\IdentityServer.csproj", "{ACFBC789-8D1C-4CC7-AFE4-DE847D564A4F}"
EndProject
Project("{9A19103F-16F7-4668-BE54-9A1E7A4F7556}") = "Client", "src\Client\Client.csproj", "{A017C450-53F9-4FCA-A3C3-F431C93079EA}"
EndProject
Project("{9A19103F-16F7-4668-BE54-9A1E7A4F7556}") = "ResourceServer", "src\ResourceServer\ResourceServer.csproj", "{9C191AB6-953A-431A-961A-0D54EFF3EE70}"
EndProject
Project("{FAE04EC0-301F-11D3-BF4B-00C04F79EFBC}") = "CommonLib", "src\CommonLib\CommonLib.csproj", "{D1933566-3CE7-4328-A49E-E06DB2BCA11B}"
EndProject
Global
	GlobalSection(SolutionConfigurationPlatforms) = preSolution
		Debug|Any CPU = Debug|Any CPU
		Debug|x64 = Debug|x64
		Debug|x86 = Debug|x86
		Release|Any CPU = Release|Any CPU
		Release|x64 = Release|x64
		Release|x86 = Release|x86
	EndGlobalSection
	GlobalSection(ProjectConfigurationPlatforms) = postSolution
		{ACFBC789-8D1C-4CC7-AFE4-DE847D564A4F}.Debug|Any CPU.ActiveCfg = Debug|Any CPU
		{ACFBC789-8D1C-4CC7-AFE4-DE847D564A4F}.Debug|Any CPU.Build.0 = Debug|Any CPU
		{ACFBC789-8D1C-4CC7-AFE4-DE847D564A4F}.Debug|x64.ActiveCfg = Debug|Any CPU
		{ACFBC789-8D1C-4CC7-AFE4-DE847D564A4F}.Debug|x64.Build.0 = Debug|Any CPU
		{ACFBC789-8D1C-4CC7-AFE4-DE847D564A4F}.Debug|x86.ActiveCfg = Debug|Any CPU
		{ACFBC789-8D1C-4CC7-AFE4-DE847D564A4F}.Debug|x86.Build.0 = Debug|Any CPU
		{ACFBC789-8D1C-4CC7-AFE4-DE847D564A4F}.Release|Any CPU.ActiveCfg = Release|Any CPU
		{ACFBC789-8D1C-4CC7-AFE4-DE847D564A4F}.Release|Any CPU.Build.0 = Release|Any CPU
		{ACFBC789-8D1C-4CC7-AFE4-DE847D564A4F}.Release|x64.ActiveCfg = Release|Any CPU
		{ACFBC789-8D1C-4CC7-AFE4-DE847D564A4F}.Release|x64.Build.0 = Release|Any CPU
		{ACFBC789-8D1C-4CC7-AFE4-DE847D564A4F}.Release|x86.ActiveCfg = Release|Any CPU
		{ACFBC789-8D1C-4CC7-AFE4-DE847D564A4F}.Release|x86.Build.0 = Release|Any CPU
		{A017C450-53F9-4FCA-A3C3-F431C93079EA}.Debug|Any CPU.ActiveCfg = Debug|Any CPU
		{A017C450-53F9-4FCA-A3C3-F431C93079EA}.Debug|Any CPU.Build.0 = Debug|Any CPU
		{A017C450-53F9-4FCA-A3C3-F431C93079EA}.Debug|x64.ActiveCfg = Debug|Any CPU
		{A017C450-53F9-4FCA-A3C3-F431C93079EA}.Debug|x64.Build.0 = Debug|Any CPU
		{A017C450-53F9-4FCA-A3C3-F431C93079EA}.Debug|x86.ActiveCfg = Debug|Any CPU
		{A017C450-53F9-4FCA-A3C3-F431C93079EA}.Debug|x86.Build.0 = Debug|Any CPU
		{A017C450-53F9-4FCA-A3C3-F431C93079EA}.Release|Any CPU.ActiveCfg = Release|Any CPU
		{A017C450-53F9-4FCA-A3C3-F431C93079EA}.Release|Any CPU.Build.0 = Release|Any CPU
		{A017C450-53F9-4FCA-A3C3-F431C93079EA}.Release|x64.ActiveCfg = Release|Any CPU
		{A017C450-53F9-4FCA-A3C3-F431C93079EA}.Release|x64.Build.0 = Release|Any CPU
		{A017C450-53F9-4FCA-A3C3-F431C93079EA}.Release|x86.ActiveCfg = Release|Any CPU
		{A017C450-53F9-4FCA-A3C3-F431C93079EA}.Release|x86.Build.0 = Release|Any CPU
		{9C191AB6-953A-431A-961A-0D54EFF3EE70}.Debug|Any CPU.ActiveCfg = Debug|Any CPU
		{9C191AB6-953A-431A-961A-0D54EFF3EE70}.Debug|Any CPU.Build.0 = Debug|Any CPU
		{9C191AB6-953A-431A-961A-0D54EFF3EE70}.Debug|x64.ActiveCfg = Debug|Any CPU
		{9C191AB6-953A-431A-961A-0D54EFF3EE70}.Debug|x64.Build.0 = Debug|Any CPU
		{9C191AB6-953A-431A-961A-0D54EFF3EE70}.Debug|x86.ActiveCfg = Debug|Any CPU
		{9C191AB6-953A-431A-961A-0D54EFF3EE70}.Debug|x86.Build.0 = Debug|Any CPU
		{9C191AB6-953A-431A-961A-0D54EFF3EE70}.Release|Any CPU.ActiveCfg = Release|Any CPU
		{9C191AB6-953A-431A-961A-0D54EFF3EE70}.Release|Any CPU.Build.0 = Release|Any CPU
		{9C191AB6-953A-431A-961A-0D54EFF3EE70}.Release|x64.ActiveCfg = Release|Any CPU
		{9C191AB6-953A-431A-961A-0D54EFF3EE70}.Release|x64.Build.0 = Release|Any CPU
		{9C191AB6-953A-431A-961A-0D54EFF3EE70}.Release|x86.ActiveCfg = Release|Any CPU
		{9C191AB6-953A-431A-961A-0D54EFF3EE70}.Release|x86.Build.0 = Release|Any CPU
		{D1933566-3CE7-4328-A49E-E06DB2BCA11B}.Debug|Any CPU.ActiveCfg = Debug|Any CPU
		{D1933566-3CE7-4328-A49E-E06DB2BCA11B}.Debug|Any CPU.Build.0 = Debug|Any CPU
		{D1933566-3CE7-4328-A49E-E06DB2BCA11B}.Debug|x64.ActiveCfg = Debug|Any CPU
		{D1933566-3CE7-4328-A49E-E06DB2BCA11B}.Debug|x64.Build.0 = Debug|Any CPU
		{D1933566-3CE7-4328-A49E-E06DB2BCA11B}.Debug|x86.ActiveCfg = Debug|Any CPU
		{D1933566-3CE7-4328-A49E-E06DB2BCA11B}.Debug|x86.Build.0 = Debug|Any CPU
		{D1933566-3CE7-4328-A49E-E06DB2BCA11B}.Release|Any CPU.ActiveCfg = Release|Any CPU
		{D1933566-3CE7-4328-A49E-E06DB2BCA11B}.Release|Any CPU.Build.0 = Release|Any CPU
		{D1933566-3CE7-4328-A49E-E06DB2BCA11B}.Release|x64.ActiveCfg = Release|Any CPU
		{D1933566-3CE7-4328-A49E-E06DB2BCA11B}.Release|x64.Build.0 = Release|Any CPU
		{D1933566-3CE7-4328-A49E-E06DB2BCA11B}.Release|x86.ActiveCfg = Release|Any CPU
		{D1933566-3CE7-4328-A49E-E06DB2BCA11B}.Release|x86.Build.0 = Release|Any CPU
	EndGlobalSection
	GlobalSection(SolutionProperties) = preSolution
		HideSolutionNode = FALSE
	EndGlobalSection
	GlobalSection(NestedProjects) = preSolution
		{ACFBC789-8D1C-4CC7-AFE4-DE847D564A4F} = {9D9FB4EF-FE79-4604-A289-6F490402998A}
		{A017C450-53F9-4FCA-A3C3-F431C93079EA} = {9D9FB4EF-FE79-4604-A289-6F490402998A}
		{9C191AB6-953A-431A-961A-0D54EFF3EE70} = {9D9FB4EF-FE79-4604-A289-6F490402998A}
		{D1933566-3CE7-4328-A49E-E06DB2BCA11B} = {9D9FB4EF-FE79-4604-A289-6F490402998A}
	EndGlobalSection
	GlobalSection(ExtensibilityGlobals) = postSolution
		SolutionGuid = {C38709EC-8B12-4F32-960E-5C687FB50EEA}
	EndGlobalSection
EndGlobal
